
Microsoft Visual Studio Solution File, Format Version 12.00
# Visual Studio Version 17
VisualStudioVersion = 17.11.35431.28
MinimumVisualStudioVersion = 10.0.40219.1
Project("{9A19103F-16F7-4668-BE54-9A1E7A4F7556}") = "eLotto", "eLotto\eLotto.csproj", "{D6DB428C-FD72-469A-85A7-A850209EF32D}"
EndProject
Project("{9A19103F-16F7-4668-BE54-9A1E7A4F7556}") = "eLotto.Core", "eLotto.Core\eLotto.Core.csproj", "{89572361-0980-4F96-AFA5-D72DBB345E55}"
EndProject
Project("{9A19103F-16F7-4668-BE54-9A1E7A4F7556}") = "eLotto.Tests", "eLotto.Tests\eLotto.Tests.csproj", "{A6F451C7-4BBD-4B76-BDF1-7265F922B7C8}"
EndProject
Global
	GlobalSection(SolutionConfigurationPlatforms) = preSolution
		Debug|Any CPU = Debug|Any CPU
		Release|Any CPU = Release|Any CPU
	EndGlobalSection
	GlobalSection(ProjectConfigurationPlatforms) = postSolution
		{D6DB428C-FD72-469A-85A7-A850209EF32D}.Debug|Any CPU.ActiveCfg = Debug|Any CPU
		{D6DB428C-FD72-469A-85A7-A850209EF32D}.Debug|Any CPU.Build.0 = Debug|Any CPU
		{D6DB428C-FD72-469A-85A7-A850209EF32D}.Release|Any CPU.ActiveCfg = Release|Any CPU
		{D6DB428C-FD72-469A-85A7-A850209EF32D}.Release|Any CPU.Build.0 = Release|Any CPU
		{89572361-0980-4F96-AFA5-D72DBB345E55}.Debug|Any CPU.ActiveCfg = Debug|Any CPU
		{89572361-0980-4F96-AFA5-D72DBB345E55}.Debug|Any CPU.Build.0 = Debug|Any CPU
		{89572361-0980-4F96-AFA5-D72DBB345E55}.Release|Any CPU.ActiveCfg = Release|Any CPU
		{89572361-0980-4F96-AFA5-D72DBB345E55}.Release|Any CPU.Build.0 = Release|Any CPU
		{A6F451C7-4BBD-4B76-BDF1-7265F922B7C8}.Debug|Any CPU.ActiveCfg = Debug|Any CPU
		{A6F451C7-4BBD-4B76-BDF1-7265F922B7C8}.Debug|Any CPU.Build.0 = Debug|Any CPU
		{A6F451C7-4BBD-4B76-BDF1-7265F922B7C8}.Release|Any CPU.ActiveCfg = Release|Any CPU
		{A6F451C7-4BBD-4B76-BDF1-7265F922B7C8}.Release|Any CPU.Build.0 = Release|Any CPU
	EndGlobalSection
	GlobalSection(SolutionProperties) = preSolution
		HideSolutionNode = FALSE
	EndGlobalSection
	GlobalSection(ExtensibilityGlobals) = postSolution
		SolutionGuid = {E274A75D-BB99-4F55-9630-9CCF3B1256FA}
	EndGlobalSection
EndGlobal
